
Microsoft Visual Studio Solution File, Format Version 12.00
# Visual Studio Version 17
VisualStudioVersion = 17.3.32819.101
MinimumVisualStudioVersion = 10.0.40219.1
Project("{FAE04EC0-301F-11D3-BF4B-00C04F79EFBC}") = "PeToBitConver", "PeToBitConver\PeToBitConver.csproj", "{14303290-D41E-4E72-8478-44BB425734ED}"
EndProject
Global
	GlobalSection(SolutionConfigurationPlatforms) = preSolution
		Debug|Any CPU = Debug|Any CPU
		Release|Any CPU = Release|Any CPU
	EndGlobalSection
	GlobalSection(ProjectConfigurationPlatforms) = postSolution
		{14303290-D41E-4E72-8478-44BB425734ED}.Debug|Any CPU.ActiveCfg = Debug|Any CPU
		{14303290-D41E-4E72-8478-44BB425734ED}.Debug|Any CPU.Build.0 = Debug|Any CPU
		{14303290-D41E-4E72-8478-44BB425734ED}.Release|Any CPU.ActiveCfg = Release|Any CPU
		{14303290-D41E-4E72-8478-44BB425734ED}.Release|Any CPU.Build.0 = Release|Any CPU
	EndGlobalSection
	GlobalSection(SolutionProperties) = preSolution
		HideSolutionNode = FALSE
	EndGlobalSection
	GlobalSection(ExtensibilityGlobals) = postSolution
		SolutionGuid = {FB5EE33F-F501-4399-B84A-E149E9E472EC}
	EndGlobalSection
EndGlobal
